
Microsoft Visual Studio Solution File, Format Version 12.00
# Visual Studio Version 17
VisualStudioVersion = 17.4.33213.308
MinimumVisualStudioVersion = 10.0.40219.1
Project("{FAE04EC0-301F-11D3-BF4B-00C04F79EFBC}") = "MainLearningConsoleApp", "MainLearningConsoleApp\MainLearningConsoleApp.csproj", "{1C547A7F-F817-414B-A933-E78B340E174B}"
EndProject
Global
	GlobalSection(SolutionConfigurationPlatforms) = preSolution
		Debug|Any CPU = Debug|Any CPU
		Release|Any CPU = Release|Any CPU
	EndGlobalSection
	GlobalSection(ProjectConfigurationPlatforms) = postSolution
		{1C547A7F-F817-414B-A933-E78B340E174B}.Debug|Any CPU.ActiveCfg = Debug|Any CPU
		{1C547A7F-F817-414B-A933-E78B340E174B}.Debug|Any CPU.Build.0 = Debug|Any CPU
		{1C547A7F-F817-414B-A933-E78B340E174B}.Release|Any CPU.ActiveCfg = Release|Any CPU
		{1C547A7F-F817-414B-A933-E78B340E174B}.Release|Any CPU.Build.0 = Release|Any CPU
	EndGlobalSection
	GlobalSection(SolutionProperties) = preSolution
		HideSolutionNode = FALSE
	EndGlobalSection
	GlobalSection(ExtensibilityGlobals) = postSolution
		SolutionGuid = {2DEA18B3-A4E9-4BF8-A95E-E8378A08C3A4}
	EndGlobalSection
EndGlobal
