
Microsoft Visual Studio Solution File, Format Version 12.00
# Visual Studio Version 17
VisualStudioVersion = 17.4.33213.308
MinimumVisualStudioVersion = 10.0.40219.1
Project("{9A19103F-16F7-4668-BE54-9A1E7A4F7556}") = "MainConsoleApp", "MainConsoleApp\MainConsoleApp.csproj", "{6BB0E906-0C4D-4F98-938D-8E0C63EC54D0}"
EndProject
Project("{FAE04EC0-301F-11D3-BF4B-00C04F79EFBC}") = "SimoneBank.Presentation", "SimoneBank.Presentation\SimoneBank.Presentation.csproj", "{0E284E9C-8603-4CAF-99B4-AC5E31FB4D63}"
EndProject
Project("{FAE04EC0-301F-11D3-BF4B-00C04F79EFBC}") = "CustomerEntity", "ClassLibrary1\CustomerEntity.csproj", "{201A5F36-581C-4291-A3D2-517F3FB43B46}"
EndProject
Project("{FAE04EC0-301F-11D3-BF4B-00C04F79EFBC}") = "FieldsLesson", "FieldsLesson\FieldsLesson.csproj", "{1FD18591-D538-41B1-864A-C892A380C8D7}"
EndProject
Project("{FAE04EC0-301F-11D3-BF4B-00C04F79EFBC}") = "FieldsRelated", "FieldsRelated\FieldsRelated.csproj", "{52AABE53-B013-4328-8567-510D3E6101A7}"
EndProject
Project("{2150E333-8FDC-42A3-9474-1A3956D46DE8}") = "Librerie", "Librerie", "{A04EBD16-7421-4321-8C9B-042DE45E32FB}"
EndProject
Project("{2150E333-8FDC-42A3-9474-1A3956D46DE8}") = "Executables", "Executables", "{F5240E54-284C-4358-9CA3-89B1F0413A77}"
EndProject
Project("{FAE04EC0-301F-11D3-BF4B-00C04F79EFBC}") = "MethodsLesson", "MethodsLesson\MethodsLesson.csproj", "{65E0ADFE-F1B6-4058-AC7F-E48E10E1B79A}"
EndProject
Project("{FAE04EC0-301F-11D3-BF4B-00C04F79EFBC}") = "MethodsRelated", "MethodsRelated\MethodsRelated.csproj", "{AB199840-2559-4692-81FE-DDF8203348A7}"
EndProject
Project("{FAE04EC0-301F-11D3-BF4B-00C04F79EFBC}") = "ParamsExample", "ParamsExample\ParamsExample.csproj", "{1B9CB563-07C7-4355-95D8-505BD15B84A1}"
EndProject
Project("{FAE04EC0-301F-11D3-BF4B-00C04F79EFBC}") = "RecursionLesson", "RecursionLesson\RecursionLesson.csproj", "{F597388D-D933-4428-A7A9-6C4A8CDE16E3}"
EndProject
Project("{FAE04EC0-301F-11D3-BF4B-00C04F79EFBC}") = "AreaOfCircle", "AreaOfCircle\AreaOfCircle.csproj", "{256D0F5F-8F62-4288-BED3-0DE263FACEE6}"
EndProject
Project("{2150E333-8FDC-42A3-9474-1A3956D46DE8}") = "Esercizi", "Esercizi", "{A2C98E7A-D310-40FF-8FF4-DA7A7400EFE4}"
EndProject
Project("{FAE04EC0-301F-11D3-BF4B-00C04F79EFBC}") = "FeetToCentimeters", "FeetToCentimeters\FeetToCentimeters.csproj", "{A23FF624-8455-4266-8DD4-C4AF048393B0}"
EndProject
Project("{FAE04EC0-301F-11D3-BF4B-00C04F79EFBC}") = "NearestThousand", "NearestThousand\NearestThousand.csproj", "{0286F42A-27FD-415F-8248-09D446ED5846}"
EndProject
Project("{9A19103F-16F7-4668-BE54-9A1E7A4F7556}") = "ConvertingLesson", "ConvertingLesson\ConvertingLesson.csproj", "{F856C7B7-A6D9-48DB-8AF2-F2FF391DD5E3}"
EndProject
Project("{FAE04EC0-301F-11D3-BF4B-00C04F79EFBC}") = "ParsingLesson", "ParsingLesson\ParsingLesson.csproj", "{2DA1E2CD-7074-48B3-A6B9-0749CF5877A8}"
EndProject
Project("{FAE04EC0-301F-11D3-BF4B-00C04F79EFBC}") = "ConstructorLesson", "ConstructorLesson\ConstructorLesson.csproj", "{14F1438A-F18F-4751-851F-4E8DD10D14FE}"
EndProject
Project("{FAE04EC0-301F-11D3-BF4B-00C04F79EFBC}") = "ConstructorRelated", "ConstructorRelated\ConstructorRelated.csproj", "{05A5A95E-A1B9-486C-A28A-69EAE124BD6D}"
EndProject
Project("{FAE04EC0-301F-11D3-BF4B-00C04F79EFBC}") = "PropertiesLesson", "PropertiesLesson\PropertiesLesson.csproj", "{FE286397-6855-4737-8EDB-E8A9C4CDE452}"
EndProject
Project("{FAE04EC0-301F-11D3-BF4B-00C04F79EFBC}") = "PropertiesRelated", "PropertiesRelated\PropertiesRelated.csproj", "{9303E593-EF85-4841-A9D5-EB998A49CB4D}"
EndProject
Project("{FAE04EC0-301F-11D3-BF4B-00C04F79EFBC}") = "IndexersLesson", "IndexersLesson\IndexersLesson.csproj", "{79EFD8F6-D485-421C-AF38-6CE54DF45B28}"
EndProject
Project("{FAE04EC0-301F-11D3-BF4B-00C04F79EFBC}") = "IndexersRelated", "IndexersRelated\IndexersRelated.csproj", "{CC9AA398-2461-476F-87A1-8ADDBFF23F5B}"
EndProject
Project("{FAE04EC0-301F-11D3-BF4B-00C04F79EFBC}") = "InheritanceLesson", "InheritanceLesson\InheritanceLesson.csproj", "{0919BFF4-F4BE-4C62-AA46-65C44093C362}"
EndProject
Project("{FAE04EC0-301F-11D3-BF4B-00C04F79EFBC}") = "InheritanceRelated", "InheritanceRelated\InheritanceRelated.csproj", "{3405E86A-952A-431F-8558-FCC133EC2136}"
EndProject
Project("{FAE04EC0-301F-11D3-BF4B-00C04F79EFBC}") = "AbstractionLesson", "AbstractionLesson\AbstractionLesson.csproj", "{9EC71B39-3A6D-48D2-8588-6008F2742C51}"
EndProject
Project("{FAE04EC0-301F-11D3-BF4B-00C04F79EFBC}") = "AbstractionRelated", "AbstractionRelated\AbstractionRelated.csproj", "{EDF565E7-62D9-4728-9D21-E913EDE0B691}"
EndProject
Project("{FAE04EC0-301F-11D3-BF4B-00C04F79EFBC}") = "NamespacesLesson", "NamespacesLesson\NamespacesLesson.csproj", "{C65C0FD6-3558-40A3-B83D-C9BE2C74181D}"
EndProject
Project("{FAE04EC0-301F-11D3-BF4B-00C04F79EFBC}") = "NamespacesRelated", "NamespacesRelated\NamespacesRelated.csproj", "{3BF1BDCE-9471-4F3D-A5A2-A16F8DB1959E}"
EndProject
Project("{FAE04EC0-301F-11D3-BF4B-00C04F79EFBC}") = "PartialClassLesson", "PartialClassLesson\PartialClassLesson.csproj", "{0D81989B-F3DF-4DE6-9E11-90734884C589}"
EndProject
Project("{FAE04EC0-301F-11D3-BF4B-00C04F79EFBC}") = "PartialClassRelated", "PartialClassRelated\PartialClassRelated.csproj", "{5C9D1F49-DB41-4D67-BBA7-FDE0E8DC9A6D}"
EndProject
Project("{FAE04EC0-301F-11D3-BF4B-00C04F79EFBC}") = "StaticClassesLesson", "StaticClassesLesson\StaticClassesLesson.csproj", "{48079324-42E0-4A30-935D-3EA7050386DA}"
EndProject
Project("{FAE04EC0-301F-11D3-BF4B-00C04F79EFBC}") = "StaticClassRelated", "StaticClassRelated\StaticClassRelated.csproj", "{00BDABB6-E537-4DEA-BBEB-2DCDCE5567D4}"
EndProject
Project("{FAE04EC0-301F-11D3-BF4B-00C04F79EFBC}") = "EnumLesson", "EnumLesson\EnumLesson.csproj", "{DD58D01C-DEFD-4AFA-AAC9-8600DF1F899B}"
EndProject
Project("{FAE04EC0-301F-11D3-BF4B-00C04F79EFBC}") = "EnumRelated", "EnumRelated\EnumRelated.csproj", "{69653B8C-E1F3-4CCF-B5AA-17F717D5A73A}"
EndProject
Project("{FAE04EC0-301F-11D3-BF4B-00C04F79EFBC}") = "StructuresLesson", "StructuresLesson\StructuresLesson.csproj", "{1FB130E8-B112-49F6-B7BB-F4FA946312CE}"
EndProject
Project("{FAE04EC0-301F-11D3-BF4B-00C04F79EFBC}") = "StructuresRelated", "StructuresRelated\StructuresRelated.csproj", "{74D35B13-F4EE-44C6-94F6-6261FEEF111A}"
EndProject
Global
	GlobalSection(SolutionConfigurationPlatforms) = preSolution
		Debug|Any CPU = Debug|Any CPU
		Release|Any CPU = Release|Any CPU
	EndGlobalSection
	GlobalSection(ProjectConfigurationPlatforms) = postSolution
		{6BB0E906-0C4D-4F98-938D-8E0C63EC54D0}.Debug|Any CPU.ActiveCfg = Debug|Any CPU
		{6BB0E906-0C4D-4F98-938D-8E0C63EC54D0}.Debug|Any CPU.Build.0 = Debug|Any CPU
		{6BB0E906-0C4D-4F98-938D-8E0C63EC54D0}.Release|Any CPU.ActiveCfg = Release|Any CPU
		{6BB0E906-0C4D-4F98-938D-8E0C63EC54D0}.Release|Any CPU.Build.0 = Release|Any CPU
		{0E284E9C-8603-4CAF-99B4-AC5E31FB4D63}.Debug|Any CPU.ActiveCfg = Debug|Any CPU
		{0E284E9C-8603-4CAF-99B4-AC5E31FB4D63}.Debug|Any CPU.Build.0 = Debug|Any CPU
		{0E284E9C-8603-4CAF-99B4-AC5E31FB4D63}.Release|Any CPU.ActiveCfg = Release|Any CPU
		{0E284E9C-8603-4CAF-99B4-AC5E31FB4D63}.Release|Any CPU.Build.0 = Release|Any CPU
		{201A5F36-581C-4291-A3D2-517F3FB43B46}.Debug|Any CPU.ActiveCfg = Debug|Any CPU
		{201A5F36-581C-4291-A3D2-517F3FB43B46}.Debug|Any CPU.Build.0 = Debug|Any CPU
		{201A5F36-581C-4291-A3D2-517F3FB43B46}.Release|Any CPU.ActiveCfg = Release|Any CPU
		{201A5F36-581C-4291-A3D2-517F3FB43B46}.Release|Any CPU.Build.0 = Release|Any CPU
		{1FD18591-D538-41B1-864A-C892A380C8D7}.Debug|Any CPU.ActiveCfg = Debug|Any CPU
		{1FD18591-D538-41B1-864A-C892A380C8D7}.Debug|Any CPU.Build.0 = Debug|Any CPU
		{1FD18591-D538-41B1-864A-C892A380C8D7}.Release|Any CPU.ActiveCfg = Release|Any CPU
		{1FD18591-D538-41B1-864A-C892A380C8D7}.Release|Any CPU.Build.0 = Release|Any CPU
		{52AABE53-B013-4328-8567-510D3E6101A7}.Debug|Any CPU.ActiveCfg = Debug|Any CPU
		{52AABE53-B013-4328-8567-510D3E6101A7}.Debug|Any CPU.Build.0 = Debug|Any CPU
		{52AABE53-B013-4328-8567-510D3E6101A7}.Release|Any CPU.ActiveCfg = Release|Any CPU
		{52AABE53-B013-4328-8567-510D3E6101A7}.Release|Any CPU.Build.0 = Release|Any CPU
		{65E0ADFE-F1B6-4058-AC7F-E48E10E1B79A}.Debug|Any CPU.ActiveCfg = Debug|Any CPU
		{65E0ADFE-F1B6-4058-AC7F-E48E10E1B79A}.Debug|Any CPU.Build.0 = Debug|Any CPU
		{65E0ADFE-F1B6-4058-AC7F-E48E10E1B79A}.Release|Any CPU.ActiveCfg = Release|Any CPU
		{65E0ADFE-F1B6-4058-AC7F-E48E10E1B79A}.Release|Any CPU.Build.0 = Release|Any CPU
		{AB199840-2559-4692-81FE-DDF8203348A7}.Debug|Any CPU.ActiveCfg = Debug|Any CPU
		{AB199840-2559-4692-81FE-DDF8203348A7}.Debug|Any CPU.Build.0 = Debug|Any CPU
		{AB199840-2559-4692-81FE-DDF8203348A7}.Release|Any CPU.ActiveCfg = Release|Any CPU
		{AB199840-2559-4692-81FE-DDF8203348A7}.Release|Any CPU.Build.0 = Release|Any CPU
		{1B9CB563-07C7-4355-95D8-505BD15B84A1}.Debug|Any CPU.ActiveCfg = Debug|Any CPU
		{1B9CB563-07C7-4355-95D8-505BD15B84A1}.Debug|Any CPU.Build.0 = Debug|Any CPU
		{1B9CB563-07C7-4355-95D8-505BD15B84A1}.Release|Any CPU.ActiveCfg = Release|Any CPU
		{1B9CB563-07C7-4355-95D8-505BD15B84A1}.Release|Any CPU.Build.0 = Release|Any CPU
		{F597388D-D933-4428-A7A9-6C4A8CDE16E3}.Debug|Any CPU.ActiveCfg = Debug|Any CPU
		{F597388D-D933-4428-A7A9-6C4A8CDE16E3}.Debug|Any CPU.Build.0 = Debug|Any CPU
		{F597388D-D933-4428-A7A9-6C4A8CDE16E3}.Release|Any CPU.ActiveCfg = Release|Any CPU
		{F597388D-D933-4428-A7A9-6C4A8CDE16E3}.Release|Any CPU.Build.0 = Release|Any CPU
		{256D0F5F-8F62-4288-BED3-0DE263FACEE6}.Debug|Any CPU.ActiveCfg = Debug|Any CPU
		{256D0F5F-8F62-4288-BED3-0DE263FACEE6}.Debug|Any CPU.Build.0 = Debug|Any CPU
		{256D0F5F-8F62-4288-BED3-0DE263FACEE6}.Release|Any CPU.ActiveCfg = Release|Any CPU
		{256D0F5F-8F62-4288-BED3-0DE263FACEE6}.Release|Any CPU.Build.0 = Release|Any CPU
		{A23FF624-8455-4266-8DD4-C4AF048393B0}.Debug|Any CPU.ActiveCfg = Debug|Any CPU
		{A23FF624-8455-4266-8DD4-C4AF048393B0}.Debug|Any CPU.Build.0 = Debug|Any CPU
		{A23FF624-8455-4266-8DD4-C4AF048393B0}.Release|Any CPU.ActiveCfg = Release|Any CPU
		{A23FF624-8455-4266-8DD4-C4AF048393B0}.Release|Any CPU.Build.0 = Release|Any CPU
		{0286F42A-27FD-415F-8248-09D446ED5846}.Debug|Any CPU.ActiveCfg = Debug|Any CPU
		{0286F42A-27FD-415F-8248-09D446ED5846}.Debug|Any CPU.Build.0 = Debug|Any CPU
		{0286F42A-27FD-415F-8248-09D446ED5846}.Release|Any CPU.ActiveCfg = Release|Any CPU
		{0286F42A-27FD-415F-8248-09D446ED5846}.Release|Any CPU.Build.0 = Release|Any CPU
		{F856C7B7-A6D9-48DB-8AF2-F2FF391DD5E3}.Debug|Any CPU.ActiveCfg = Debug|Any CPU
		{F856C7B7-A6D9-48DB-8AF2-F2FF391DD5E3}.Debug|Any CPU.Build.0 = Debug|Any CPU
		{F856C7B7-A6D9-48DB-8AF2-F2FF391DD5E3}.Release|Any CPU.ActiveCfg = Release|Any CPU
		{F856C7B7-A6D9-48DB-8AF2-F2FF391DD5E3}.Release|Any CPU.Build.0 = Release|Any CPU
		{2DA1E2CD-7074-48B3-A6B9-0749CF5877A8}.Debug|Any CPU.ActiveCfg = Debug|Any CPU
		{2DA1E2CD-7074-48B3-A6B9-0749CF5877A8}.Debug|Any CPU.Build.0 = Debug|Any CPU
		{2DA1E2CD-7074-48B3-A6B9-0749CF5877A8}.Release|Any CPU.ActiveCfg = Release|Any CPU
		{2DA1E2CD-7074-48B3-A6B9-0749CF5877A8}.Release|Any CPU.Build.0 = Release|Any CPU
		{14F1438A-F18F-4751-851F-4E8DD10D14FE}.Debug|Any CPU.ActiveCfg = Debug|Any CPU
		{14F1438A-F18F-4751-851F-4E8DD10D14FE}.Debug|Any CPU.Build.0 = Debug|Any CPU
		{14F1438A-F18F-4751-851F-4E8DD10D14FE}.Release|Any CPU.ActiveCfg = Release|Any CPU
		{14F1438A-F18F-4751-851F-4E8DD10D14FE}.Release|Any CPU.Build.0 = Release|Any CPU
		{05A5A95E-A1B9-486C-A28A-69EAE124BD6D}.Debug|Any CPU.ActiveCfg = Debug|Any CPU
		{05A5A95E-A1B9-486C-A28A-69EAE124BD6D}.Debug|Any CPU.Build.0 = Debug|Any CPU
		{05A5A95E-A1B9-486C-A28A-69EAE124BD6D}.Release|Any CPU.ActiveCfg = Release|Any CPU
		{05A5A95E-A1B9-486C-A28A-69EAE124BD6D}.Release|Any CPU.Build.0 = Release|Any CPU
		{FE286397-6855-4737-8EDB-E8A9C4CDE452}.Debug|Any CPU.ActiveCfg = Debug|Any CPU
		{FE286397-6855-4737-8EDB-E8A9C4CDE452}.Debug|Any CPU.Build.0 = Debug|Any CPU
		{FE286397-6855-4737-8EDB-E8A9C4CDE452}.Release|Any CPU.ActiveCfg = Release|Any CPU
		{FE286397-6855-4737-8EDB-E8A9C4CDE452}.Release|Any CPU.Build.0 = Release|Any CPU
		{9303E593-EF85-4841-A9D5-EB998A49CB4D}.Debug|Any CPU.ActiveCfg = Debug|Any CPU
		{9303E593-EF85-4841-A9D5-EB998A49CB4D}.Debug|Any CPU.Build.0 = Debug|Any CPU
		{9303E593-EF85-4841-A9D5-EB998A49CB4D}.Release|Any CPU.ActiveCfg = Release|Any CPU
		{9303E593-EF85-4841-A9D5-EB998A49CB4D}.Release|Any CPU.Build.0 = Release|Any CPU
		{79EFD8F6-D485-421C-AF38-6CE54DF45B28}.Debug|Any CPU.ActiveCfg = Debug|Any CPU
		{79EFD8F6-D485-421C-AF38-6CE54DF45B28}.Debug|Any CPU.Build.0 = Debug|Any CPU
		{79EFD8F6-D485-421C-AF38-6CE54DF45B28}.Release|Any CPU.ActiveCfg = Release|Any CPU
		{79EFD8F6-D485-421C-AF38-6CE54DF45B28}.Release|Any CPU.Build.0 = Release|Any CPU
		{CC9AA398-2461-476F-87A1-8ADDBFF23F5B}.Debug|Any CPU.ActiveCfg = Debug|Any CPU
		{CC9AA398-2461-476F-87A1-8ADDBFF23F5B}.Debug|Any CPU.Build.0 = Debug|Any CPU
		{CC9AA398-2461-476F-87A1-8ADDBFF23F5B}.Release|Any CPU.ActiveCfg = Release|Any CPU
		{CC9AA398-2461-476F-87A1-8ADDBFF23F5B}.Release|Any CPU.Build.0 = Release|Any CPU
		{0919BFF4-F4BE-4C62-AA46-65C44093C362}.Debug|Any CPU.ActiveCfg = Debug|Any CPU
		{0919BFF4-F4BE-4C62-AA46-65C44093C362}.Debug|Any CPU.Build.0 = Debug|Any CPU
		{0919BFF4-F4BE-4C62-AA46-65C44093C362}.Release|Any CPU.ActiveCfg = Release|Any CPU
		{0919BFF4-F4BE-4C62-AA46-65C44093C362}.Release|Any CPU.Build.0 = Release|Any CPU
		{3405E86A-952A-431F-8558-FCC133EC2136}.Debug|Any CPU.ActiveCfg = Debug|Any CPU
		{3405E86A-952A-431F-8558-FCC133EC2136}.Debug|Any CPU.Build.0 = Debug|Any CPU
		{3405E86A-952A-431F-8558-FCC133EC2136}.Release|Any CPU.ActiveCfg = Release|Any CPU
		{3405E86A-952A-431F-8558-FCC133EC2136}.Release|Any CPU.Build.0 = Release|Any CPU
		{9EC71B39-3A6D-48D2-8588-6008F2742C51}.Debug|Any CPU.ActiveCfg = Debug|Any CPU
		{9EC71B39-3A6D-48D2-8588-6008F2742C51}.Debug|Any CPU.Build.0 = Debug|Any CPU
		{9EC71B39-3A6D-48D2-8588-6008F2742C51}.Release|Any CPU.ActiveCfg = Release|Any CPU
		{9EC71B39-3A6D-48D2-8588-6008F2742C51}.Release|Any CPU.Build.0 = Release|Any CPU
		{EDF565E7-62D9-4728-9D21-E913EDE0B691}.Debug|Any CPU.ActiveCfg = Debug|Any CPU
		{EDF565E7-62D9-4728-9D21-E913EDE0B691}.Debug|Any CPU.Build.0 = Debug|Any CPU
		{EDF565E7-62D9-4728-9D21-E913EDE0B691}.Release|Any CPU.ActiveCfg = Release|Any CPU
		{EDF565E7-62D9-4728-9D21-E913EDE0B691}.Release|Any CPU.Build.0 = Release|Any CPU
		{C65C0FD6-3558-40A3-B83D-C9BE2C74181D}.Debug|Any CPU.ActiveCfg = Debug|Any CPU
		{C65C0FD6-3558-40A3-B83D-C9BE2C74181D}.Debug|Any CPU.Build.0 = Debug|Any CPU
		{C65C0FD6-3558-40A3-B83D-C9BE2C74181D}.Release|Any CPU.ActiveCfg = Release|Any CPU
		{C65C0FD6-3558-40A3-B83D-C9BE2C74181D}.Release|Any CPU.Build.0 = Release|Any CPU
		{3BF1BDCE-9471-4F3D-A5A2-A16F8DB1959E}.Debug|Any CPU.ActiveCfg = Debug|Any CPU
		{3BF1BDCE-9471-4F3D-A5A2-A16F8DB1959E}.Debug|Any CPU.Build.0 = Debug|Any CPU
		{3BF1BDCE-9471-4F3D-A5A2-A16F8DB1959E}.Release|Any CPU.ActiveCfg = Release|Any CPU
		{3BF1BDCE-9471-4F3D-A5A2-A16F8DB1959E}.Release|Any CPU.Build.0 = Release|Any CPU
		{0D81989B-F3DF-4DE6-9E11-90734884C589}.Debug|Any CPU.ActiveCfg = Debug|Any CPU
		{0D81989B-F3DF-4DE6-9E11-90734884C589}.Debug|Any CPU.Build.0 = Debug|Any CPU
		{0D81989B-F3DF-4DE6-9E11-90734884C589}.Release|Any CPU.ActiveCfg = Release|Any CPU
		{0D81989B-F3DF-4DE6-9E11-90734884C589}.Release|Any CPU.Build.0 = Release|Any CPU
		{5C9D1F49-DB41-4D67-BBA7-FDE0E8DC9A6D}.Debug|Any CPU.ActiveCfg = Debug|Any CPU
		{5C9D1F49-DB41-4D67-BBA7-FDE0E8DC9A6D}.Debug|Any CPU.Build.0 = Debug|Any CPU
		{5C9D1F49-DB41-4D67-BBA7-FDE0E8DC9A6D}.Release|Any CPU.ActiveCfg = Release|Any CPU
		{5C9D1F49-DB41-4D67-BBA7-FDE0E8DC9A6D}.Release|Any CPU.Build.0 = Release|Any CPU
		{48079324-42E0-4A30-935D-3EA7050386DA}.Debug|Any CPU.ActiveCfg = Debug|Any CPU
		{48079324-42E0-4A30-935D-3EA7050386DA}.Debug|Any CPU.Build.0 = Debug|Any CPU
		{48079324-42E0-4A30-935D-3EA7050386DA}.Release|Any CPU.ActiveCfg = Release|Any CPU
		{48079324-42E0-4A30-935D-3EA7050386DA}.Release|Any CPU.Build.0 = Release|Any CPU
		{00BDABB6-E537-4DEA-BBEB-2DCDCE5567D4}.Debug|Any CPU.ActiveCfg = Debug|Any CPU
		{00BDABB6-E537-4DEA-BBEB-2DCDCE5567D4}.Debug|Any CPU.Build.0 = Debug|Any CPU
		{00BDABB6-E537-4DEA-BBEB-2DCDCE5567D4}.Release|Any CPU.ActiveCfg = Release|Any CPU
		{00BDABB6-E537-4DEA-BBEB-2DCDCE5567D4}.Release|Any CPU.Build.0 = Release|Any CPU
		{DD58D01C-DEFD-4AFA-AAC9-8600DF1F899B}.Debug|Any CPU.ActiveCfg = Debug|Any CPU
		{DD58D01C-DEFD-4AFA-AAC9-8600DF1F899B}.Debug|Any CPU.Build.0 = Debug|Any CPU
		{DD58D01C-DEFD-4AFA-AAC9-8600DF1F899B}.Release|Any CPU.ActiveCfg = Release|Any CPU
		{DD58D01C-DEFD-4AFA-AAC9-8600DF1F899B}.Release|Any CPU.Build.0 = Release|Any CPU
		{69653B8C-E1F3-4CCF-B5AA-17F717D5A73A}.Debug|Any CPU.ActiveCfg = Debug|Any CPU
		{69653B8C-E1F3-4CCF-B5AA-17F717D5A73A}.Debug|Any CPU.Build.0 = Debug|Any CPU
		{69653B8C-E1F3-4CCF-B5AA-17F717D5A73A}.Release|Any CPU.ActiveCfg = Release|Any CPU
		{69653B8C-E1F3-4CCF-B5AA-17F717D5A73A}.Release|Any CPU.Build.0 = Release|Any CPU
		{1FB130E8-B112-49F6-B7BB-F4FA946312CE}.Debug|Any CPU.ActiveCfg = Debug|Any CPU
		{1FB130E8-B112-49F6-B7BB-F4FA946312CE}.Debug|Any CPU.Build.0 = Debug|Any CPU
		{1FB130E8-B112-49F6-B7BB-F4FA946312CE}.Release|Any CPU.ActiveCfg = Release|Any CPU
		{1FB130E8-B112-49F6-B7BB-F4FA946312CE}.Release|Any CPU.Build.0 = Release|Any CPU
		{74D35B13-F4EE-44C6-94F6-6261FEEF111A}.Debug|Any CPU.ActiveCfg = Debug|Any CPU
		{74D35B13-F4EE-44C6-94F6-6261FEEF111A}.Debug|Any CPU.Build.0 = Debug|Any CPU
		{74D35B13-F4EE-44C6-94F6-6261FEEF111A}.Release|Any CPU.ActiveCfg = Release|Any CPU
		{74D35B13-F4EE-44C6-94F6-6261FEEF111A}.Release|Any CPU.Build.0 = Release|Any CPU
	EndGlobalSection
	GlobalSection(SolutionProperties) = preSolution
		HideSolutionNode = FALSE
	EndGlobalSection
	GlobalSection(NestedProjects) = preSolution
		{6BB0E906-0C4D-4F98-938D-8E0C63EC54D0} = {F5240E54-284C-4358-9CA3-89B1F0413A77}
		{0E284E9C-8603-4CAF-99B4-AC5E31FB4D63} = {F5240E54-284C-4358-9CA3-89B1F0413A77}
		{201A5F36-581C-4291-A3D2-517F3FB43B46} = {A04EBD16-7421-4321-8C9B-042DE45E32FB}
		{1FD18591-D538-41B1-864A-C892A380C8D7} = {F5240E54-284C-4358-9CA3-89B1F0413A77}
		{52AABE53-B013-4328-8567-510D3E6101A7} = {A04EBD16-7421-4321-8C9B-042DE45E32FB}
		{65E0ADFE-F1B6-4058-AC7F-E48E10E1B79A} = {F5240E54-284C-4358-9CA3-89B1F0413A77}
		{AB199840-2559-4692-81FE-DDF8203348A7} = {A04EBD16-7421-4321-8C9B-042DE45E32FB}
		{1B9CB563-07C7-4355-95D8-505BD15B84A1} = {F5240E54-284C-4358-9CA3-89B1F0413A77}
		{F597388D-D933-4428-A7A9-6C4A8CDE16E3} = {F5240E54-284C-4358-9CA3-89B1F0413A77}
		{256D0F5F-8F62-4288-BED3-0DE263FACEE6} = {A2C98E7A-D310-40FF-8FF4-DA7A7400EFE4}
		{A23FF624-8455-4266-8DD4-C4AF048393B0} = {A2C98E7A-D310-40FF-8FF4-DA7A7400EFE4}
		{0286F42A-27FD-415F-8248-09D446ED5846} = {A2C98E7A-D310-40FF-8FF4-DA7A7400EFE4}
		{F856C7B7-A6D9-48DB-8AF2-F2FF391DD5E3} = {F5240E54-284C-4358-9CA3-89B1F0413A77}
		{2DA1E2CD-7074-48B3-A6B9-0749CF5877A8} = {F5240E54-284C-4358-9CA3-89B1F0413A77}
		{14F1438A-F18F-4751-851F-4E8DD10D14FE} = {F5240E54-284C-4358-9CA3-89B1F0413A77}
		{05A5A95E-A1B9-486C-A28A-69EAE124BD6D} = {A04EBD16-7421-4321-8C9B-042DE45E32FB}
		{FE286397-6855-4737-8EDB-E8A9C4CDE452} = {F5240E54-284C-4358-9CA3-89B1F0413A77}
		{9303E593-EF85-4841-A9D5-EB998A49CB4D} = {A04EBD16-7421-4321-8C9B-042DE45E32FB}
		{79EFD8F6-D485-421C-AF38-6CE54DF45B28} = {F5240E54-284C-4358-9CA3-89B1F0413A77}
		{CC9AA398-2461-476F-87A1-8ADDBFF23F5B} = {A04EBD16-7421-4321-8C9B-042DE45E32FB}
		{0919BFF4-F4BE-4C62-AA46-65C44093C362} = {F5240E54-284C-4358-9CA3-89B1F0413A77}
		{3405E86A-952A-431F-8558-FCC133EC2136} = {A04EBD16-7421-4321-8C9B-042DE45E32FB}
		{9EC71B39-3A6D-48D2-8588-6008F2742C51} = {F5240E54-284C-4358-9CA3-89B1F0413A77}
		{EDF565E7-62D9-4728-9D21-E913EDE0B691} = {A04EBD16-7421-4321-8C9B-042DE45E32FB}
		{C65C0FD6-3558-40A3-B83D-C9BE2C74181D} = {F5240E54-284C-4358-9CA3-89B1F0413A77}
		{3BF1BDCE-9471-4F3D-A5A2-A16F8DB1959E} = {A04EBD16-7421-4321-8C9B-042DE45E32FB}
		{0D81989B-F3DF-4DE6-9E11-90734884C589} = {F5240E54-284C-4358-9CA3-89B1F0413A77}
		{5C9D1F49-DB41-4D67-BBA7-FDE0E8DC9A6D} = {A04EBD16-7421-4321-8C9B-042DE45E32FB}
		{48079324-42E0-4A30-935D-3EA7050386DA} = {F5240E54-284C-4358-9CA3-89B1F0413A77}
		{00BDABB6-E537-4DEA-BBEB-2DCDCE5567D4} = {A04EBD16-7421-4321-8C9B-042DE45E32FB}
		{DD58D01C-DEFD-4AFA-AAC9-8600DF1F899B} = {F5240E54-284C-4358-9CA3-89B1F0413A77}
		{69653B8C-E1F3-4CCF-B5AA-17F717D5A73A} = {A04EBD16-7421-4321-8C9B-042DE45E32FB}
		{1FB130E8-B112-49F6-B7BB-F4FA946312CE} = {F5240E54-284C-4358-9CA3-89B1F0413A77}
		{74D35B13-F4EE-44C6-94F6-6261FEEF111A} = {A04EBD16-7421-4321-8C9B-042DE45E32FB}
	EndGlobalSection
	GlobalSection(ExtensibilityGlobals) = postSolution
		SolutionGuid = {2DEA18B3-A4E9-4BF8-A95E-E8378A08C3A4}
	EndGlobalSection
EndGlobal
